
Microsoft Visual Studio Solution File, Format Version 12.00
# Visual Studio Version 17
VisualStudioVersion = 17.4.33205.214
MinimumVisualStudioVersion = 10.0.40219.1
Project("{8BC9CEB8-8B4A-11D0-8D11-00A0C91BC942}") = "Assignment 5 - Longest common substring", "Assignment 5 - Longest common substring.vcxproj", "{92093141-E9B3-42C4-8D61-76BB68D3CCFE}"
EndProject
Global
	GlobalSection(SolutionConfigurationPlatforms) = preSolution
		Debug|x64 = Debug|x64
		Debug|x86 = Debug|x86
		Release|x64 = Release|x64
		Release|x86 = Release|x86
	EndGlobalSection
	GlobalSection(ProjectConfigurationPlatforms) = postSolution
		{92093141-E9B3-42C4-8D61-76BB68D3CCFE}.Debug|x64.ActiveCfg = Debug|x64
		{92093141-E9B3-42C4-8D61-76BB68D3CCFE}.Debug|x64.Build.0 = Debug|x64
		{92093141-E9B3-42C4-8D61-76BB68D3CCFE}.Debug|x86.ActiveCfg = Debug|Win32
		{92093141-E9B3-42C4-8D61-76BB68D3CCFE}.Debug|x86.Build.0 = Debug|Win32
		{92093141-E9B3-42C4-8D61-76BB68D3CCFE}.Release|x64.ActiveCfg = Release|x64
		{92093141-E9B3-42C4-8D61-76BB68D3CCFE}.Release|x64.Build.0 = Release|x64
		{92093141-E9B3-42C4-8D61-76BB68D3CCFE}.Release|x86.ActiveCfg = Release|Win32
		{92093141-E9B3-42C4-8D61-76BB68D3CCFE}.Release|x86.Build.0 = Release|Win32
	EndGlobalSection
	GlobalSection(SolutionProperties) = preSolution
		HideSolutionNode = FALSE
	EndGlobalSection
	GlobalSection(ExtensibilityGlobals) = postSolution
		SolutionGuid = {16DBC923-E592-44A7-BC71-2530CD050AE7}
	EndGlobalSection
EndGlobal
